Microsoft Visual Studio Solution File, Format Version 10.00
# Visual Studio 2008
Project("{8BC9CEB8-8B4A-11D0-8D11-00A0C91BC942}") = "jrtp", "third-party\jrtplib\jrtp.vcproj", "{BAD7583D-42C4-3EF1-8A9F-1210C8B020E1}"
EndProject
Project("{8BC9CEB8-8B4A-11D0-8D11-00A0C91BC942}") = "qca_psi", "third-party\qca\qca_psi.vcproj", "{5BC9E6C6-3498-35A6-B400-2F6510D088F0}"
EndProject
Project("{8BC9CEB8-8B4A-11D0-8D11-00A0C91BC942}") = "jabbin", "src\jabbin.vcproj", "{75BE3896-248B-33FF-B426-D2A9BA3861D7}"
	ProjectSection(ProjectDependencies) = postProject
		{BAD7583D-42C4-3EF1-8A9F-1210C8B020E1} = {BAD7583D-42C4-3EF1-8A9F-1210C8B020E1}
	EndProjectSection
EndProject
Global
	GlobalSection(SolutionConfigurationPlatforms) = preSolution
		Debug|Win32 = Debug|Win32
		Release|Win32 = Release|Win32
	EndGlobalSection
	GlobalSection(ProjectConfigurationPlatforms) = postSolution
		{BAD7583D-42C4-3EF1-8A9F-1210C8B020E1}.Debug|Win32.ActiveCfg = Debug|Win32
		{BAD7583D-42C4-3EF1-8A9F-1210C8B020E1}.Debug|Win32.Build.0 = Debug|Win32
		{BAD7583D-42C4-3EF1-8A9F-1210C8B020E1}.Release|Win32.ActiveCfg = Release|Win32
		{BAD7583D-42C4-3EF1-8A9F-1210C8B020E1}.Release|Win32.Build.0 = Release|Win32
		{5BC9E6C6-3498-35A6-B400-2F6510D088F0}.Debug|Win32.ActiveCfg = Debug|Win32
		{5BC9E6C6-3498-35A6-B400-2F6510D088F0}.Debug|Win32.Build.0 = Debug|Win32
		{5BC9E6C6-3498-35A6-B400-2F6510D088F0}.Release|Win32.ActiveCfg = Release|Win32
		{5BC9E6C6-3498-35A6-B400-2F6510D088F0}.Release|Win32.Build.0 = Release|Win32
		{75BE3896-248B-33FF-B426-D2A9BA3861D7}.Debug|Win32.ActiveCfg = Debug|Win32
		{75BE3896-248B-33FF-B426-D2A9BA3861D7}.Debug|Win32.Build.0 = Debug|Win32
		{75BE3896-248B-33FF-B426-D2A9BA3861D7}.Release|Win32.ActiveCfg = Release|Win32
		{75BE3896-248B-33FF-B426-D2A9BA3861D7}.Release|Win32.Build.0 = Release|Win32
	EndGlobalSection
	GlobalSection(SolutionProperties) = preSolution
		HideSolutionNode = FALSE
	EndGlobalSection
EndGlobal
